
Microsoft Visual Studio Solution File, Format Version 12.00
Project("{FAE04EC0-301F-11D3-BF4B-00C04F79EFBC}") = "SimpleBuilder", "SimpleBuilder\SimpleBuilder.csproj", "{84195D97-AA74-4852-B79C-A695083157F1}"
EndProject
Project("{FAE04EC0-301F-11D3-BF4B-00C04F79EFBC}") = "SimpleBuilder.Example", "SimpleBuilder.Example\SimpleBuilder.Example.csproj", "{BEFFEA39-6CEB-4620-80BE-C12CADFCC354}"
EndProject
Global
	GlobalSection(SolutionConfigurationPlatforms) = preSolution
		Debug|Any CPU = Debug|Any CPU
		Release|Any CPU = Release|Any CPU
	EndGlobalSection
	GlobalSection(ProjectConfigurationPlatforms) = postSolution
		{84195D97-AA74-4852-B79C-A695083157F1}.Debug|Any CPU.ActiveCfg = Debug|Any CPU
		{84195D97-AA74-4852-B79C-A695083157F1}.Debug|Any CPU.Build.0 = Debug|Any CPU
		{84195D97-AA74-4852-B79C-A695083157F1}.Release|Any CPU.ActiveCfg = Release|Any CPU
		{84195D97-AA74-4852-B79C-A695083157F1}.Release|Any CPU.Build.0 = Release|Any CPU
		{BEFFEA39-6CEB-4620-80BE-C12CADFCC354}.Debug|Any CPU.ActiveCfg = Debug|Any CPU
		{BEFFEA39-6CEB-4620-80BE-C12CADFCC354}.Debug|Any CPU.Build.0 = Debug|Any CPU
		{BEFFEA39-6CEB-4620-80BE-C12CADFCC354}.Release|Any CPU.ActiveCfg = Release|Any CPU
		{BEFFEA39-6CEB-4620-80BE-C12CADFCC354}.Release|Any CPU.Build.0 = Release|Any CPU
	EndGlobalSection
EndGlobal
